
Microsoft Visual Studio Solution File, Format Version 12.00
# Visual Studio Version 17
VisualStudioVersion = 17.10.35004.147
MinimumVisualStudioVersion = 10.0.40219.1
Project("{FAE04EC0-301F-11D3-BF4B-00C04F79EFBC}") = "Quản lí thông tin", "Quản lí thông tin\Quản lí thông tin.csproj", "{286C0439-8EF5-4EC7-997D-9508E31D512D}"
EndProject
Global
	GlobalSection(SolutionConfigurationPlatforms) = preSolution
		Debug|Any CPU = Debug|Any CPU
		Release|Any CPU = Release|Any CPU
	EndGlobalSection
	GlobalSection(ProjectConfigurationPlatforms) = postSolution
		{286C0439-8EF5-4EC7-997D-9508E31D512D}.Debug|Any CPU.ActiveCfg = Debug|Any CPU
		{286C0439-8EF5-4EC7-997D-9508E31D512D}.Debug|Any CPU.Build.0 = Debug|Any CPU
		{286C0439-8EF5-4EC7-997D-9508E31D512D}.Release|Any CPU.ActiveCfg = Release|Any CPU
		{286C0439-8EF5-4EC7-997D-9508E31D512D}.Release|Any CPU.Build.0 = Release|Any CPU
	EndGlobalSection
	GlobalSection(SolutionProperties) = preSolution
		HideSolutionNode = FALSE
	EndGlobalSection
	GlobalSection(ExtensibilityGlobals) = postSolution
		SolutionGuid = {0D739F6E-D6BA-4E12-A121-97EDAC49E292}
	EndGlobalSection
EndGlobal
